
Microsoft Visual Studio Solution File, Format Version 12.00
# Visual Studio Version 16
VisualStudioVersion = 16.0.29806.167
MinimumVisualStudioVersion = 10.0.40219.1
Project("{8BC9CEB8-8B4A-11D0-8D11-00A0C91BC942}") = "运算符", "运算符\运算符.vcxproj", "{15D6C559-F654-40A4-992D-9DA65D15157A}"
EndProject
Global
	GlobalSection(SolutionConfigurationPlatforms) = preSolution
		Debug|x64 = Debug|x64
		Debug|x86 = Debug|x86
		Release|x64 = Release|x64
		Release|x86 = Release|x86
	EndGlobalSection
	GlobalSection(ProjectConfigurationPlatforms) = postSolution
		{15D6C559-F654-40A4-992D-9DA65D15157A}.Debug|x64.ActiveCfg = Debug|x64
		{15D6C559-F654-40A4-992D-9DA65D15157A}.Debug|x64.Build.0 = Debug|x64
		{15D6C559-F654-40A4-992D-9DA65D15157A}.Debug|x86.ActiveCfg = Debug|Win32
		{15D6C559-F654-40A4-992D-9DA65D15157A}.Debug|x86.Build.0 = Debug|Win32
		{15D6C559-F654-40A4-992D-9DA65D15157A}.Release|x64.ActiveCfg = Release|x64
		{15D6C559-F654-40A4-992D-9DA65D15157A}.Release|x64.Build.0 = Release|x64
		{15D6C559-F654-40A4-992D-9DA65D15157A}.Release|x86.ActiveCfg = Release|Win32
		{15D6C559-F654-40A4-992D-9DA65D15157A}.Release|x86.Build.0 = Release|Win32
	EndGlobalSection
	GlobalSection(SolutionProperties) = preSolution
		HideSolutionNode = FALSE
	EndGlobalSection
	GlobalSection(ExtensibilityGlobals) = postSolution
		SolutionGuid = {CE259C36-ABC3-4CAD-B487-71B872413569}
	EndGlobalSection
EndGlobal
